
Microsoft Visual Studio Solution File, Format Version 12.00
# Visual Studio Version 16
VisualStudioVersion = 16.0.30011.22
MinimumVisualStudioVersion = 10.0.40219.1
Project("{FAE04EC0-301F-11D3-BF4B-00C04F79EFBC}") = "LibreriaConnection", "LibreriaConnection\LibreriaConnection.csproj", "{7D0D6DDD-68F0-4395-BB38-1D6A70D2F01F}"
EndProject
Global
	GlobalSection(SolutionConfigurationPlatforms) = preSolution
		Debug|Any CPU = Debug|Any CPU
		Release|Any CPU = Release|Any CPU
	EndGlobalSection
	GlobalSection(ProjectConfigurationPlatforms) = postSolution
		{7D0D6DDD-68F0-4395-BB38-1D6A70D2F01F}.Debug|Any CPU.ActiveCfg = Debug|Any CPU
		{7D0D6DDD-68F0-4395-BB38-1D6A70D2F01F}.Debug|Any CPU.Build.0 = Debug|Any CPU
		{7D0D6DDD-68F0-4395-BB38-1D6A70D2F01F}.Release|Any CPU.ActiveCfg = Release|Any CPU
		{7D0D6DDD-68F0-4395-BB38-1D6A70D2F01F}.Release|Any CPU.Build.0 = Release|Any CPU
	EndGlobalSection
	GlobalSection(SolutionProperties) = preSolution
		HideSolutionNode = FALSE
	EndGlobalSection
	GlobalSection(ExtensibilityGlobals) = postSolution
		SolutionGuid = {895258FE-A2A8-4653-AD85-C290A3FE5532}
	EndGlobalSection
EndGlobal
